
Microsoft Visual Studio Solution File, Format Version 12.00
Project("{FAE04EC0-301F-11D3-BF4B-00C04F79EFBC}") = "Sun.SourceGenerator", "Sun.SourceGenerator\Sun.SourceGenerator.csproj", "{F060574F-A326-4B42-ABC0-7B9B60A55F29}"
EndProject
Project("{FAE04EC0-301F-11D3-BF4B-00C04F79EFBC}") = "TestSourceGenerators", "TestSourceGenerators\TestSourceGenerators\TestSourceGenerators.csproj", "{1E31FCE4-01CE-42AC-B780-5AEFD5734402}"
EndProject
Global
	GlobalSection(SolutionConfigurationPlatforms) = preSolution
		Debug|Any CPU = Debug|Any CPU
		Release|Any CPU = Release|Any CPU
	EndGlobalSection
	GlobalSection(ProjectConfigurationPlatforms) = postSolution
		{F060574F-A326-4B42-ABC0-7B9B60A55F29}.Debug|Any CPU.ActiveCfg = Debug|Any CPU
		{F060574F-A326-4B42-ABC0-7B9B60A55F29}.Debug|Any CPU.Build.0 = Debug|Any CPU
		{F060574F-A326-4B42-ABC0-7B9B60A55F29}.Release|Any CPU.ActiveCfg = Release|Any CPU
		{F060574F-A326-4B42-ABC0-7B9B60A55F29}.Release|Any CPU.Build.0 = Release|Any CPU
		{1E31FCE4-01CE-42AC-B780-5AEFD5734402}.Debug|Any CPU.ActiveCfg = Debug|Any CPU
		{1E31FCE4-01CE-42AC-B780-5AEFD5734402}.Debug|Any CPU.Build.0 = Debug|Any CPU
		{1E31FCE4-01CE-42AC-B780-5AEFD5734402}.Release|Any CPU.ActiveCfg = Release|Any CPU
		{1E31FCE4-01CE-42AC-B780-5AEFD5734402}.Release|Any CPU.Build.0 = Release|Any CPU
	EndGlobalSection
EndGlobal
